
Microsoft Visual Studio Solution File, Format Version 12.00
# Visual Studio Version 17
VisualStudioVersion = 17.4.33213.308
MinimumVisualStudioVersion = 10.0.40219.1
Project("{FAE04EC0-301F-11D3-BF4B-00C04F79EFBC}") = "MVCApp", "MVCApp\MVCApp.csproj", "{68B7BC5B-E3D0-42C8-94B0-FA62A8240670}"
EndProject
Global
	GlobalSection(SolutionConfigurationPlatforms) = preSolution
		Debug|Any CPU = Debug|Any CPU
		Release|Any CPU = Release|Any CPU
	EndGlobalSection
	GlobalSection(ProjectConfigurationPlatforms) = postSolution
		{68B7BC5B-E3D0-42C8-94B0-FA62A8240670}.Debug|Any CPU.ActiveCfg = Debug|Any CPU
		{68B7BC5B-E3D0-42C8-94B0-FA62A8240670}.Debug|Any CPU.Build.0 = Debug|Any CPU
		{68B7BC5B-E3D0-42C8-94B0-FA62A8240670}.Release|Any CPU.ActiveCfg = Release|Any CPU
		{68B7BC5B-E3D0-42C8-94B0-FA62A8240670}.Release|Any CPU.Build.0 = Release|Any CPU
	EndGlobalSection
	GlobalSection(SolutionProperties) = preSolution
		HideSolutionNode = FALSE
	EndGlobalSection
	GlobalSection(ExtensibilityGlobals) = postSolution
		SolutionGuid = {04E868FB-1039-4430-9143-C6541D45534F}
	EndGlobalSection
EndGlobal
